
Microsoft Visual Studio Solution File, Format Version 12.00
# Visual Studio Version 17
VisualStudioVersion = 17.0.31903.59
MinimumVisualStudioVersion = 10.0.40219.1
Project("{2150E333-8FDC-42A3-9474-1A3956D46DE8}") = "src", "src", "{827E0CD3-B72D-47B6-A68D-7590B98EB39B}"
EndProject
Project("{2150E333-8FDC-42A3-9474-1A3956D46DE8}") = "BuildingBlocks", "BuildingBlocks", "{90298CBA-BD6F-3A0A-69D5-97CAD7B05E7E}"
EndProject
Project("{FAE04EC0-301F-11D3-BF4B-00C04F79EFBC}") = "RetailMedia.Core", "src\BuildingBlocks\RetailMedia.Core\RetailMedia.Core.csproj", "{DEF8B378-2FCD-4E9D-B6BB-A5ED05BFB3D2}"
EndProject
Project("{FAE04EC0-301F-11D3-BF4B-00C04F79EFBC}") = "RetailMedia.Messaging", "src\BuildingBlocks\RetailMedia.Messaging\RetailMedia.Messaging.csproj", "{5883CF98-8FDB-4C2B-88EE-A48E21D65005}"
EndProject
Project("{FAE04EC0-301F-11D3-BF4B-00C04F79EFBC}") = "RetailMedia.Web", "src\BuildingBlocks\RetailMedia.Web\RetailMedia.Web.csproj", "{90F197C9-25E1-415A-91BE-CCA853FE96DB}"
EndProject
Project("{2150E333-8FDC-42A3-9474-1A3956D46DE8}") = "Infrastructure", "Infrastructure", "{9048EB7F-3875-A59E-E36B-5BD4C6F2A282}"
EndProject
Project("{FAE04EC0-301F-11D3-BF4B-00C04F79EFBC}") = "RetailMedia.Infrastructure", "src\Infrastructure\RetailMedia.Infrastructure\RetailMedia.Infrastructure.csproj", "{6A8A022F-8E51-4FC1-B42D-85BEA293AE6A}"
EndProject
Project("{2150E333-8FDC-42A3-9474-1A3956D46DE8}") = "Services", "Services", "{984BB9B3-3FA3-BE33-9484-CAC21695A33C}"
EndProject
Project("{FAE04EC0-301F-11D3-BF4B-00C04F79EFBC}") = "RetailMedia.Collector", "src\Services\RetailMedia.Collector\RetailMedia.Collector.csproj", "{557CEAF0-4F25-4E66-9D6B-E28956FC66E4}"
EndProject
Project("{FAE04EC0-301F-11D3-BF4B-00C04F79EFBC}") = "RetailMedia.Processor", "src\Services\RetailMedia.Processor\RetailMedia.Processor.csproj", "{321FFAC2-1932-448D-B150-BC3EA551F38B}"
EndProject
Project("{FAE04EC0-301F-11D3-BF4B-00C04F79EFBC}") = "RetailMedia.Aggregator", "src\Services\RetailMedia.Aggregator\RetailMedia.Aggregator.csproj", "{70B4B366-B8E1-4267-96A2-1AFF02BBCF74}"
EndProject
Project("{FAE04EC0-301F-11D3-BF4B-00C04F79EFBC}") = "RetailMedia.Insights", "src\Services\RetailMedia.Insights\RetailMedia.Insights.csproj", "{87EF6D4D-759A-4F25-B41E-5619977FC737}"
EndProject
Project("{2150E333-8FDC-42A3-9474-1A3956D46DE8}") = "Demo", "Demo", "{FB64595D-7A02-F2D4-9C1E-6F343453585F}"
EndProject
Project("{FAE04EC0-301F-11D3-BF4B-00C04F79EFBC}") = "RetailMedia.Demo", "src\Demo\RetailMedia.Demo\RetailMedia.Demo.csproj", "{4AA10877-7B3D-4123-A009-83DBD22A1315}"
EndProject
Global
	GlobalSection(SolutionConfigurationPlatforms) = preSolution
		Debug|Any CPU = Debug|Any CPU
		Debug|x64 = Debug|x64
		Debug|x86 = Debug|x86
		Release|Any CPU = Release|Any CPU
		Release|x64 = Release|x64
		Release|x86 = Release|x86
	EndGlobalSection
	GlobalSection(ProjectConfigurationPlatforms) = postSolution
		{DEF8B378-2FCD-4E9D-B6BB-A5ED05BFB3D2}.Debug|Any CPU.ActiveCfg = Debug|Any CPU
		{DEF8B378-2FCD-4E9D-B6BB-A5ED05BFB3D2}.Debug|Any CPU.Build.0 = Debug|Any CPU
		{DEF8B378-2FCD-4E9D-B6BB-A5ED05BFB3D2}.Debug|x64.ActiveCfg = Debug|Any CPU
		{DEF8B378-2FCD-4E9D-B6BB-A5ED05BFB3D2}.Debug|x64.Build.0 = Debug|Any CPU
		{DEF8B378-2FCD-4E9D-B6BB-A5ED05BFB3D2}.Debug|x86.ActiveCfg = Debug|Any CPU
		{DEF8B378-2FCD-4E9D-B6BB-A5ED05BFB3D2}.Debug|x86.Build.0 = Debug|Any CPU
		{DEF8B378-2FCD-4E9D-B6BB-A5ED05BFB3D2}.Release|Any CPU.ActiveCfg = Release|Any CPU
		{DEF8B378-2FCD-4E9D-B6BB-A5ED05BFB3D2}.Release|Any CPU.Build.0 = Release|Any CPU
		{DEF8B378-2FCD-4E9D-B6BB-A5ED05BFB3D2}.Release|x64.ActiveCfg = Release|Any CPU
		{DEF8B378-2FCD-4E9D-B6BB-A5ED05BFB3D2}.Release|x64.Build.0 = Release|Any CPU
		{DEF8B378-2FCD-4E9D-B6BB-A5ED05BFB3D2}.Release|x86.ActiveCfg = Release|Any CPU
		{DEF8B378-2FCD-4E9D-B6BB-A5ED05BFB3D2}.Release|x86.Build.0 = Release|Any CPU
		{5883CF98-8FDB-4C2B-88EE-A48E21D65005}.Debug|Any CPU.ActiveCfg = Debug|Any CPU
		{5883CF98-8FDB-4C2B-88EE-A48E21D65005}.Debug|Any CPU.Build.0 = Debug|Any CPU
		{5883CF98-8FDB-4C2B-88EE-A48E21D65005}.Debug|x64.ActiveCfg = Debug|Any CPU
		{5883CF98-8FDB-4C2B-88EE-A48E21D65005}.Debug|x64.Build.0 = Debug|Any CPU
		{5883CF98-8FDB-4C2B-88EE-A48E21D65005}.Debug|x86.ActiveCfg = Debug|Any CPU
		{5883CF98-8FDB-4C2B-88EE-A48E21D65005}.Debug|x86.Build.0 = Debug|Any CPU
		{5883CF98-8FDB-4C2B-88EE-A48E21D65005}.Release|Any CPU.ActiveCfg = Release|Any CPU
		{5883CF98-8FDB-4C2B-88EE-A48E21D65005}.Release|Any CPU.Build.0 = Release|Any CPU
		{5883CF98-8FDB-4C2B-88EE-A48E21D65005}.Release|x64.ActiveCfg = Release|Any CPU
		{5883CF98-8FDB-4C2B-88EE-A48E21D65005}.Release|x64.Build.0 = Release|Any CPU
		{5883CF98-8FDB-4C2B-88EE-A48E21D65005}.Release|x86.ActiveCfg = Release|Any CPU
		{5883CF98-8FDB-4C2B-88EE-A48E21D65005}.Release|x86.Build.0 = Release|Any CPU
		{90F197C9-25E1-415A-91BE-CCA853FE96DB}.Debug|Any CPU.ActiveCfg = Debug|Any CPU
		{90F197C9-25E1-415A-91BE-CCA853FE96DB}.Debug|Any CPU.Build.0 = Debug|Any CPU
		{90F197C9-25E1-415A-91BE-CCA853FE96DB}.Debug|x64.ActiveCfg = Debug|Any CPU
		{90F197C9-25E1-415A-91BE-CCA853FE96DB}.Debug|x64.Build.0 = Debug|Any CPU
		{90F197C9-25E1-415A-91BE-CCA853FE96DB}.Debug|x86.ActiveCfg = Debug|Any CPU
		{90F197C9-25E1-415A-91BE-CCA853FE96DB}.Debug|x86.Build.0 = Debug|Any CPU
		{90F197C9-25E1-415A-91BE-CCA853FE96DB}.Release|Any CPU.ActiveCfg = Release|Any CPU
		{90F197C9-25E1-415A-91BE-CCA853FE96DB}.Release|Any CPU.Build.0 = Release|Any CPU
		{90F197C9-25E1-415A-91BE-CCA853FE96DB}.Release|x64.ActiveCfg = Release|Any CPU
		{90F197C9-25E1-415A-91BE-CCA853FE96DB}.Release|x64.Build.0 = Release|Any CPU
		{90F197C9-25E1-415A-91BE-CCA853FE96DB}.Release|x86.ActiveCfg = Release|Any CPU
		{90F197C9-25E1-415A-91BE-CCA853FE96DB}.Release|x86.Build.0 = Release|Any CPU
		{6A8A022F-8E51-4FC1-B42D-85BEA293AE6A}.Debug|Any CPU.ActiveCfg = Debug|Any CPU
		{6A8A022F-8E51-4FC1-B42D-85BEA293AE6A}.Debug|Any CPU.Build.0 = Debug|Any CPU
		{6A8A022F-8E51-4FC1-B42D-85BEA293AE6A}.Debug|x64.ActiveCfg = Debug|Any CPU
		{6A8A022F-8E51-4FC1-B42D-85BEA293AE6A}.Debug|x64.Build.0 = Debug|Any CPU
		{6A8A022F-8E51-4FC1-B42D-85BEA293AE6A}.Debug|x86.ActiveCfg = Debug|Any CPU
		{6A8A022F-8E51-4FC1-B42D-85BEA293AE6A}.Debug|x86.Build.0 = Debug|Any CPU
		{6A8A022F-8E51-4FC1-B42D-85BEA293AE6A}.Release|Any CPU.ActiveCfg = Release|Any CPU
		{6A8A022F-8E51-4FC1-B42D-85BEA293AE6A}.Release|Any CPU.Build.0 = Release|Any CPU
		{6A8A022F-8E51-4FC1-B42D-85BEA293AE6A}.Release|x64.ActiveCfg = Release|Any CPU
		{6A8A022F-8E51-4FC1-B42D-85BEA293AE6A}.Release|x64.Build.0 = Release|Any CPU
		{6A8A022F-8E51-4FC1-B42D-85BEA293AE6A}.Release|x86.ActiveCfg = Release|Any CPU
		{6A8A022F-8E51-4FC1-B42D-85BEA293AE6A}.Release|x86.Build.0 = Release|Any CPU
		{557CEAF0-4F25-4E66-9D6B-E28956FC66E4}.Debug|Any CPU.ActiveCfg = Debug|Any CPU
		{557CEAF0-4F25-4E66-9D6B-E28956FC66E4}.Debug|Any CPU.Build.0 = Debug|Any CPU
		{557CEAF0-4F25-4E66-9D6B-E28956FC66E4}.Debug|x64.ActiveCfg = Debug|Any CPU
		{557CEAF0-4F25-4E66-9D6B-E28956FC66E4}.Debug|x64.Build.0 = Debug|Any CPU
		{557CEAF0-4F25-4E66-9D6B-E28956FC66E4}.Debug|x86.ActiveCfg = Debug|Any CPU
		{557CEAF0-4F25-4E66-9D6B-E28956FC66E4}.Debug|x86.Build.0 = Debug|Any CPU
		{557CEAF0-4F25-4E66-9D6B-E28956FC66E4}.Release|Any CPU.ActiveCfg = Release|Any CPU
		{557CEAF0-4F25-4E66-9D6B-E28956FC66E4}.Release|Any CPU.Build.0 = Release|Any CPU
		{557CEAF0-4F25-4E66-9D6B-E28956FC66E4}.Release|x64.ActiveCfg = Release|Any CPU
		{557CEAF0-4F25-4E66-9D6B-E28956FC66E4}.Release|x64.Build.0 = Release|Any CPU
		{557CEAF0-4F25-4E66-9D6B-E28956FC66E4}.Release|x86.ActiveCfg = Release|Any CPU
		{557CEAF0-4F25-4E66-9D6B-E28956FC66E4}.Release|x86.Build.0 = Release|Any CPU
		{321FFAC2-1932-448D-B150-BC3EA551F38B}.Debug|Any CPU.ActiveCfg = Debug|Any CPU
		{321FFAC2-1932-448D-B150-BC3EA551F38B}.Debug|Any CPU.Build.0 = Debug|Any CPU
		{321FFAC2-1932-448D-B150-BC3EA551F38B}.Debug|x64.ActiveCfg = Debug|Any CPU
		{321FFAC2-1932-448D-B150-BC3EA551F38B}.Debug|x64.Build.0 = Debug|Any CPU
		{321FFAC2-1932-448D-B150-BC3EA551F38B}.Debug|x86.ActiveCfg = Debug|Any CPU
		{321FFAC2-1932-448D-B150-BC3EA551F38B}.Debug|x86.Build.0 = Debug|Any CPU
		{321FFAC2-1932-448D-B150-BC3EA551F38B}.Release|Any CPU.ActiveCfg = Release|Any CPU
		{321FFAC2-1932-448D-B150-BC3EA551F38B}.Release|Any CPU.Build.0 = Release|Any CPU
		{321FFAC2-1932-448D-B150-BC3EA551F38B}.Release|x64.ActiveCfg = Release|Any CPU
		{321FFAC2-1932-448D-B150-BC3EA551F38B}.Release|x64.Build.0 = Release|Any CPU
		{321FFAC2-1932-448D-B150-BC3EA551F38B}.Release|x86.ActiveCfg = Release|Any CPU
		{321FFAC2-1932-448D-B150-BC3EA551F38B}.Release|x86.Build.0 = Release|Any CPU
		{70B4B366-B8E1-4267-96A2-1AFF02BBCF74}.Debug|Any CPU.ActiveCfg = Debug|Any CPU
		{70B4B366-B8E1-4267-96A2-1AFF02BBCF74}.Debug|Any CPU.Build.0 = Debug|Any CPU
		{70B4B366-B8E1-4267-96A2-1AFF02BBCF74}.Debug|x64.ActiveCfg = Debug|Any CPU
		{70B4B366-B8E1-4267-96A2-1AFF02BBCF74}.Debug|x64.Build.0 = Debug|Any CPU
		{70B4B366-B8E1-4267-96A2-1AFF02BBCF74}.Debug|x86.ActiveCfg = Debug|Any CPU
		{70B4B366-B8E1-4267-96A2-1AFF02BBCF74}.Debug|x86.Build.0 = Debug|Any CPU
		{70B4B366-B8E1-4267-96A2-1AFF02BBCF74}.Release|Any CPU.ActiveCfg = Release|Any CPU
		{70B4B366-B8E1-4267-96A2-1AFF02BBCF74}.Release|Any CPU.Build.0 = Release|Any CPU
		{70B4B366-B8E1-4267-96A2-1AFF02BBCF74}.Release|x64.ActiveCfg = Release|Any CPU
		{70B4B366-B8E1-4267-96A2-1AFF02BBCF74}.Release|x64.Build.0 = Release|Any CPU
		{70B4B366-B8E1-4267-96A2-1AFF02BBCF74}.Release|x86.ActiveCfg = Release|Any CPU
		{70B4B366-B8E1-4267-96A2-1AFF02BBCF74}.Release|x86.Build.0 = Release|Any CPU
		{87EF6D4D-759A-4F25-B41E-5619977FC737}.Debug|Any CPU.ActiveCfg = Debug|Any CPU
		{87EF6D4D-759A-4F25-B41E-5619977FC737}.Debug|Any CPU.Build.0 = Debug|Any CPU
		{87EF6D4D-759A-4F25-B41E-5619977FC737}.Debug|x64.ActiveCfg = Debug|Any CPU
		{87EF6D4D-759A-4F25-B41E-5619977FC737}.Debug|x64.Build.0 = Debug|Any CPU
		{87EF6D4D-759A-4F25-B41E-5619977FC737}.Debug|x86.ActiveCfg = Debug|Any CPU
		{87EF6D4D-759A-4F25-B41E-5619977FC737}.Debug|x86.Build.0 = Debug|Any CPU
		{87EF6D4D-759A-4F25-B41E-5619977FC737}.Release|Any CPU.ActiveCfg = Release|Any CPU
		{87EF6D4D-759A-4F25-B41E-5619977FC737}.Release|Any CPU.Build.0 = Release|Any CPU
		{87EF6D4D-759A-4F25-B41E-5619977FC737}.Release|x64.ActiveCfg = Release|Any CPU
		{87EF6D4D-759A-4F25-B41E-5619977FC737}.Release|x64.Build.0 = Release|Any CPU
		{87EF6D4D-759A-4F25-B41E-5619977FC737}.Release|x86.ActiveCfg = Release|Any CPU
		{87EF6D4D-759A-4F25-B41E-5619977FC737}.Release|x86.Build.0 = Release|Any CPU
		{4AA10877-7B3D-4123-A009-83DBD22A1315}.Debug|Any CPU.ActiveCfg = Debug|Any CPU
		{4AA10877-7B3D-4123-A009-83DBD22A1315}.Debug|Any CPU.Build.0 = Debug|Any CPU
		{4AA10877-7B3D-4123-A009-83DBD22A1315}.Debug|x64.ActiveCfg = Debug|Any CPU
		{4AA10877-7B3D-4123-A009-83DBD22A1315}.Debug|x64.Build.0 = Debug|Any CPU
		{4AA10877-7B3D-4123-A009-83DBD22A1315}.Debug|x86.ActiveCfg = Debug|Any CPU
		{4AA10877-7B3D-4123-A009-83DBD22A1315}.Debug|x86.Build.0 = Debug|Any CPU
		{4AA10877-7B3D-4123-A009-83DBD22A1315}.Release|Any CPU.ActiveCfg = Release|Any CPU
		{4AA10877-7B3D-4123-A009-83DBD22A1315}.Release|Any CPU.Build.0 = Release|Any CPU
		{4AA10877-7B3D-4123-A009-83DBD22A1315}.Release|x64.ActiveCfg = Release|Any CPU
		{4AA10877-7B3D-4123-A009-83DBD22A1315}.Release|x64.Build.0 = Release|Any CPU
		{4AA10877-7B3D-4123-A009-83DBD22A1315}.Release|x86.ActiveCfg = Release|Any CPU
		{4AA10877-7B3D-4123-A009-83DBD22A1315}.Release|x86.Build.0 = Release|Any CPU
	EndGlobalSection
	GlobalSection(SolutionProperties) = preSolution
		HideSolutionNode = FALSE
	EndGlobalSection
	GlobalSection(NestedProjects) = preSolution
		{90298CBA-BD6F-3A0A-69D5-97CAD7B05E7E} = {827E0CD3-B72D-47B6-A68D-7590B98EB39B}
		{DEF8B378-2FCD-4E9D-B6BB-A5ED05BFB3D2} = {90298CBA-BD6F-3A0A-69D5-97CAD7B05E7E}
		{5883CF98-8FDB-4C2B-88EE-A48E21D65005} = {90298CBA-BD6F-3A0A-69D5-97CAD7B05E7E}
		{90F197C9-25E1-415A-91BE-CCA853FE96DB} = {90298CBA-BD6F-3A0A-69D5-97CAD7B05E7E}
		{9048EB7F-3875-A59E-E36B-5BD4C6F2A282} = {827E0CD3-B72D-47B6-A68D-7590B98EB39B}
		{6A8A022F-8E51-4FC1-B42D-85BEA293AE6A} = {9048EB7F-3875-A59E-E36B-5BD4C6F2A282}
		{984BB9B3-3FA3-BE33-9484-CAC21695A33C} = {827E0CD3-B72D-47B6-A68D-7590B98EB39B}
		{557CEAF0-4F25-4E66-9D6B-E28956FC66E4} = {984BB9B3-3FA3-BE33-9484-CAC21695A33C}
		{321FFAC2-1932-448D-B150-BC3EA551F38B} = {984BB9B3-3FA3-BE33-9484-CAC21695A33C}
		{70B4B366-B8E1-4267-96A2-1AFF02BBCF74} = {984BB9B3-3FA3-BE33-9484-CAC21695A33C}
		{87EF6D4D-759A-4F25-B41E-5619977FC737} = {984BB9B3-3FA3-BE33-9484-CAC21695A33C}
		{FB64595D-7A02-F2D4-9C1E-6F343453585F} = {827E0CD3-B72D-47B6-A68D-7590B98EB39B}
		{4AA10877-7B3D-4123-A009-83DBD22A1315} = {FB64595D-7A02-F2D4-9C1E-6F343453585F}
	EndGlobalSection
EndGlobal
